
Microsoft Visual Studio Solution File, Format Version 12.00
# Visual Studio Version 16
VisualStudioVersion = 16.0.29503.13
MinimumVisualStudioVersion = 10.0.40219.1
Project("{FAE04EC0-301F-11D3-BF4B-00C04F79EFBC}") = "Cisco Tool Box", "Cisco Tool Box\Cisco Tool Box.csproj", "{951F6EDA-7C30-4511-B212-51F7EC3CA37A}"
EndProject
Global
	GlobalSection(SolutionConfigurationPlatforms) = preSolution
		Debug|Any CPU = Debug|Any CPU
		Release|Any CPU = Release|Any CPU
	EndGlobalSection
	GlobalSection(ProjectConfigurationPlatforms) = postSolution
		{951F6EDA-7C30-4511-B212-51F7EC3CA37A}.Debug|Any CPU.ActiveCfg = Debug|Any CPU
		{951F6EDA-7C30-4511-B212-51F7EC3CA37A}.Debug|Any CPU.Build.0 = Debug|Any CPU
		{951F6EDA-7C30-4511-B212-51F7EC3CA37A}.Release|Any CPU.ActiveCfg = Release|Any CPU
		{951F6EDA-7C30-4511-B212-51F7EC3CA37A}.Release|Any CPU.Build.0 = Release|Any CPU
	EndGlobalSection
	GlobalSection(SolutionProperties) = preSolution
		HideSolutionNode = FALSE
	EndGlobalSection
	GlobalSection(ExtensibilityGlobals) = postSolution
		SolutionGuid = {DD2E6BAC-2836-4BAE-B396-CA5E31DB4993}
	EndGlobalSection
EndGlobal
